# This is a Gradle generated file for dependency locking.
# Manual edits can break the build and are not advised.
# This file is expected to be part of source control.
ch.qos.logback:logback-classic:1.5.32=gatling,gatlingCompileClasspath,gatlingRuntimeClasspath
ch.qos.logback:logback-core:1.5.32=gatling,gatlingCompileClasspath,gatlingRuntimeClasspath
com.aayushatharva.brotli4j:brotli4j:1.23.0=gatling,gatlingCompileClasspath,gatlingRuntimeClasspath
com.aayushatharva.brotli4j:native-linux-aarch64:1.23.0=gatling,gatlingCompileClasspath,gatlingRuntimeClasspath
com.aayushatharva.brotli4j:native-linux-x86_64:1.23.0=gatling,gatlingCompileClasspath,gatlingRuntimeClasspath
com.aayushatharva.brotli4j:native-osx-aarch64:1.23.0=gatling,gatlingCompileClasspath,gatlingRuntimeClasspath
com.aayushatharva.brotli4j:native-osx-x86_64:1.23.0=gatling,gatlingCompileClasspath,gatlingRuntimeClasspath
com.aayushatharva.brotli4j:native-windows-x86_64:1.23.0=gatling,gatlingCompileClasspath,gatlingRuntimeClasspath
com.aayushatharva.brotli4j:service:1.23.0=gatling,gatlingCompileClasspath,gatlingRuntimeClasspath
com.eatthepath:fast-uuid:0.2.0=gatling,gatlingCompileClasspath,gatlingRuntimeClasspath
com.fasterxml.jackson.core:jackson-annotations:2.21=gatling,gatlingCompileClasspath,gatlingRuntimeClasspath
com.fasterxml.jackson.core:jackson-core:2.21.3=gatling,gatlingCompileClasspath,gatlingRuntimeClasspath
com.fasterxml.jackson.core:jackson-databind:2.21.3=gatling,gatlingCompileClasspath,gatlingRuntimeClasspath
com.fasterxml.jackson:jackson-bom:2.21.3=gatling,gatlingCompileClasspath,gatlingRuntimeClasspath
com.github.ben-manes.caffeine:caffeine:3.2.4=gatling,gatlingCompileClasspath,gatlingRuntimeClasspath
com.github.scopt:scopt_2.13:4.1.0=gatling,gatlingCompileClasspath,gatlingRuntimeClasspath
com.google.errorprone:error_prone_annotations:2.49.0=gatling,gatlingCompileClasspath,gatlingRuntimeClasspath
com.tdunning:t-digest:3.3=gatling,gatlingCompileClasspath,gatlingRuntimeClasspath
com.typesafe.scala-logging:scala-logging_2.13:3.9.6=gatling,gatlingCompileClasspath,gatlingRuntimeClasspath
com.typesafe:config:1.4.8=gatling,gatlingCompileClasspath,gatlingRuntimeClasspath
io.burt:jmespath-core:0.6.0=gatling,gatlingCompileClasspath,gatlingRuntimeClasspath
io.burt:jmespath-jackson:0.6.0=gatling,gatlingCompileClasspath,gatlingRuntimeClasspath
io.gatling.highcharts:gatling-charts-highcharts:3.15.1=gatling,gatlingCompileClasspath,gatlingRuntimeClasspath
io.gatling:gatling-app:3.15.1=gatling,gatlingCompileClasspath,gatlingRuntimeClasspath
io.gatling:gatling-charts:3.15.1=gatling,gatlingCompileClasspath,gatlingRuntimeClasspath
io.gatling:gatling-commons:3.15.1=gatling,gatlingCompileClasspath,gatlingRuntimeClasspath
io.gatling:gatling-core-java:3.15.1=gatling,gatlingCompileClasspath,gatlingRuntimeClasspath
io.gatling:gatling-core:3.15.1=gatling,gatlingCompileClasspath,gatlingRuntimeClasspath
io.gatling:gatling-http-client:3.15.1=gatling,gatlingCompileClasspath,gatlingRuntimeClasspath
io.gatling:gatling-http-java:3.15.1=gatling,gatlingCompileClasspath,gatlingRuntimeClasspath
io.gatling:gatling-http:3.15.1=gatling,gatlingCompileClasspath,gatlingRuntimeClasspath
io.gatling:gatling-jdbc-java:3.15.1=gatling,gatlingCompileClasspath,gatlingRuntimeClasspath
io.gatling:gatling-jdbc:3.15.1=gatling,gatlingCompileClasspath,gatlingRuntimeClasspath
io.gatling:gatling-jms-java:3.15.1=gatling,gatlingCompileClasspath,gatlingRuntimeClasspath
io.gatling:gatling-jms:3.15.1=gatling,gatlingCompileClasspath,gatlingRuntimeClasspath
io.gatling:gatling-jsonpath:3.15.1=gatling,gatlingCompileClasspath,gatlingRuntimeClasspath
io.gatling:gatling-netty-util:3.15.1=gatling,gatlingCompileClasspath,gatlingRuntimeClasspath
io.gatling:gatling-quicklens:3.15.1=gatling,gatlingCompileClasspath,gatlingRuntimeClasspath
io.gatling:gatling-recorder-bc-shaded:1.84.0=gatling,gatlingCompileClasspath,gatlingRuntimeClasspath
io.gatling:gatling-recorder:3.15.1=gatling,gatlingCompileClasspath,gatlingRuntimeClasspath
io.gatling:gatling-redis-java:3.15.1=gatling,gatlingCompileClasspath,gatlingRuntimeClasspath
io.gatling:gatling-redis:3.15.1=gatling,gatlingCompileClasspath,gatlingRuntimeClasspath
io.gatling:gatling-shared-cli:0.0.7=gatling,gatlingCompileClasspath,gatlingRuntimeClasspath
io.gatling:gatling-shared-model_2.13:0.1.3=gatling,gatlingCompileClasspath,gatlingRuntimeClasspath
io.gatling:gatling-shared-util_2.13:0.0.14=gatling,gatlingCompileClasspath,gatlingRuntimeClasspath
io.github.metarank:cfor_2.13:0.3=gatling,gatlingCompileClasspath,gatlingRuntimeClasspath
io.netty:netty-buffer:4.2.14.Final=gatling,gatlingCompileClasspath,gatlingRuntimeClasspath
io.netty:netty-codec-base:4.2.14.Final=gatling,gatlingCompileClasspath,gatlingRuntimeClasspath
io.netty:netty-codec-compression:4.2.14.Final=gatling,gatlingCompileClasspath,gatlingRuntimeClasspath
io.netty:netty-codec-dns:4.2.14.Final=gatling,gatlingCompileClasspath,gatlingRuntimeClasspath
io.netty:netty-codec-http2:4.2.14.Final=gatling,gatlingCompileClasspath,gatlingRuntimeClasspath
io.netty:netty-codec-http:4.2.14.Final=gatling,gatlingCompileClasspath,gatlingRuntimeClasspath
io.netty:netty-codec-socks:4.2.14.Final=gatling,gatlingCompileClasspath,gatlingRuntimeClasspath
io.netty:netty-common:4.2.14.Final=gatling,gatlingCompileClasspath,gatlingRuntimeClasspath
io.netty:netty-handler-proxy:4.2.14.Final=gatling,gatlingCompileClasspath,gatlingRuntimeClasspath
io.netty:netty-handler:4.2.14.Final=gatling,gatlingCompileClasspath,gatlingRuntimeClasspath
io.netty:netty-resolver-dns-classes-macos:4.2.14.Final=gatling,gatlingCompileClasspath,gatlingRuntimeClasspath
io.netty:netty-resolver-dns-native-macos:4.2.14.Final=gatling,gatlingCompileClasspath,gatlingRuntimeClasspath
io.netty:netty-resolver-dns:4.2.14.Final=gatling,gatlingCompileClasspath,gatlingRuntimeClasspath
io.netty:netty-resolver:4.2.14.Final=gatling,gatlingCompileClasspath,gatlingRuntimeClasspath
io.netty:netty-tcnative-boringssl-static:2.0.77.Final=gatling,gatlingCompileClasspath,gatlingRuntimeClasspath
io.netty:netty-tcnative-classes:2.0.77.Final=gatling,gatlingCompileClasspath,gatlingRuntimeClasspath
io.netty:netty-transport-classes-epoll:4.2.14.Final=gatling,gatlingCompileClasspath,gatlingRuntimeClasspath
io.netty:netty-transport-classes-io_uring:4.2.14.Final=gatling,gatlingCompileClasspath,gatlingRuntimeClasspath
io.netty:netty-transport-native-epoll:4.2.14.Final=gatling,gatlingCompileClasspath,gatlingRuntimeClasspath
io.netty:netty-transport-native-io_uring:4.2.14.Final=gatling,gatlingCompileClasspath,gatlingRuntimeClasspath
io.netty:netty-transport-native-unix-common:4.2.14.Final=gatling,gatlingCompileClasspath,gatlingRuntimeClasspath
io.netty:netty-transport:4.2.14.Final=gatling,gatlingCompileClasspath,gatlingRuntimeClasspath
io.pebbletemplates:pebble:4.1.1=gatling,gatlingCompileClasspath,gatlingRuntimeClasspath
io.suzaku:boopickle_2.13:1.5.0=gatling,gatlingCompileClasspath,gatlingRuntimeClasspath
jakarta.jms:jakarta.jms-api:3.1.0=gatling,gatlingCompileClasspath,gatlingRuntimeClasspath
net.debasishg:redisclient_2.13:3.42=gatling,gatlingCompileClasspath,gatlingRuntimeClasspath
net.jodah:typetools:0.6.3=gatling,gatlingCompileClasspath,gatlingRuntimeClasspath
net.sf.saxon:Saxon-HE:12.9=gatling,gatlingCompileClasspath,gatlingRuntimeClasspath
org.apache.commons:commons-pool2:2.13.1=gatling,gatlingCompileClasspath,gatlingRuntimeClasspath
org.jodd:jodd-lagarto:6.0.6=gatling,gatlingCompileClasspath,gatlingRuntimeClasspath
org.jodd:jodd-util:6.3.0=gatling,gatlingCompileClasspath,gatlingRuntimeClasspath
org.jspecify:jspecify:1.0.0=gatling,gatlingCompileClasspath,gatlingRuntimeClasspath
org.scala-lang.modules:scala-parser-combinators_2.13:2.4.0=gatling,gatlingCompileClasspath,gatlingRuntimeClasspath
org.scala-lang.modules:scala-swing_2.13:3.0.0=gatling,gatlingCompileClasspath,gatlingRuntimeClasspath
org.scala-lang:scala-library:2.13.18=gatling,gatlingCompileClasspath,gatlingRuntimeClasspath
org.scala-lang:scala-reflect:2.13.16=gatling,gatlingCompileClasspath,gatlingRuntimeClasspath
org.simpleflatmapper:lightning-csv:9.0.2=gatling,gatlingCompileClasspath,gatlingRuntimeClasspath
org.simpleflatmapper:sfm-util:9.0.2=gatling,gatlingCompileClasspath,gatlingRuntimeClasspath
org.slf4j:slf4j-api:2.0.18=gatling,gatlingCompileClasspath,gatlingRuntimeClasspath
org.unbescape:unbescape:1.1.6.RELEASE=gatling,gatlingCompileClasspath,gatlingRuntimeClasspath
org.xmlresolver:xmlresolver:6.0.23=gatling,gatlingCompileClasspath,gatlingRuntimeClasspath
empty=annotationProcessor,compileClasspath,gatlingAnnotationProcessor,runtimeClasspath,testAnnotationProcessor,testCompileClasspath,testRuntimeClasspath
